// !$*UTF8*$!
{
	archiveVersion = 1;
	classes = {
	};
	objectVersion = 46;
	objects = {

/* Begin PBXBuildFile section */
		2537DA9C1D2D9CD700FAA8A8 /* main.cpp in Sources */ = {isa = PBXBuildFile; fileRef = 2537DA9B1D2D9CD700FAA8A8 /* main.cpp */; };
		2537DAAF1D2D9EA900FAA8A8 /* Cloth.cpp in Sources */ = {isa = PBXBuildFile; fileRef = 2537DAAB1D2D9EA900FAA8A8 /* Cloth.cpp */; };
		2537DAB01D2D9EA900FAA8A8 /* LargeVM.cpp in Sources */ = {isa = PBXBuildFile; fileRef = 2537DAAC1D2D9EA900FAA8A8 /* LargeVM.cpp */; };
		2537DAB11D2D9EA900FAA8A8 /* ObjectMesh.cpp in Sources */ = {isa = PBXBuildFile; fileRef = 2537DAAD1D2D9EA900FAA8A8 /* ObjectMesh.cpp */; };
		2537DAB21D2D9EA900FAA8A8 /* Particle.cpp in Sources */ = {isa = PBXBuildFile; fileRef = 2537DAAE1D2D9EA900FAA8A8 /* Particle.cpp */; };
		2537DABF1D2D9F1700FAA8A8 /* Shader.cpp in Sources */ = {isa = PBXBuildFile; fileRef = 2537DABC1D2D9F1700FAA8A8 /* Shader.cpp */; };
		2537DAC01D2D9F1700FAA8A8 /* Texture.cpp in Sources */ = {isa = PBXBuildFile; fileRef = 2537DABD1D2D9F1700FAA8A8 /* Texture.cpp */; };
		2537DAC11D2D9F1700FAA8A8 /* TrackBall.cpp in Sources */ = {isa = PBXBuildFile; fileRef = 2537DABE1D2D9F1700FAA8A8 /* TrackBall.cpp */; };
		2537DAC41D2D9F2F00FAA8A8 /* fLightingShader.glsl in Resources */ = {isa = PBXBuildFile; fileRef = 2537DAC21D2D9F2F00FAA8A8 /* fLightingShader.glsl */; };
		2537DAC51D2D9F2F00FAA8A8 /* vLightingShader.glsl in Resources */ = {isa = PBXBuildFile; fileRef = 2537DAC31D2D9F2F00FAA8A8 /* vLightingShader.glsl */; };
		2537DAC91D2D9F4300FAA8A8 /* fShader.glsl in Resources */ = {isa = PBXBuildFile; fileRef = 2537DAC61D2D9F4300FAA8A8 /* fShader.glsl */; };
		2537DACA1D2D9F4300FAA8A8 /* vShader.glsl in Resources */ = {isa = PBXBuildFile; fileRef = 2537DAC71D2D9F4300FAA8A8 /* vShader.glsl */; };
		2537DACB1D2D9F4300FAA8A8 /* gShader.glsl in Resources */ = {isa = PBXBuildFile; fileRef = 2537DAC81D2D9F4300FAA8A8 /* gShader.glsl */; };
/* End PBXBuildFile section */

/* Begin PBXFileReference section */
		2537DA941D2D9CD700FAA8A8 /* Cloth Model.app */ = {isa = PBXFileReference; explicitFileType = wrapper.application; includeInIndex = 0; path = "Cloth Model.app"; sourceTree = BUILT_PRODUCTS_DIR; };
		2537DA9B1D2D9CD700FAA8A8 /* main.cpp */ = {isa = PBXFileReference; lastKnownFileType = sourcecode.cpp.cpp; path = main.cpp; sourceTree = "<group>"; };
		2537DAA21D2D9CD800FAA8A8 /* Info.plist */ = {isa = PBXFileReference; lastKnownFileType = text.plist.xml; path = Info.plist; sourceTree = "<group>"; };
		2537DAAB1D2D9EA900FAA8A8 /* Cloth.cpp */ = {isa = PBXFileReference; fileEncoding = 4; lastKnownFileType = sourcecode.cpp.cpp; path = Cloth.cpp; sourceTree = "<group>"; };
		2537DAAC1D2D9EA900FAA8A8 /* LargeVM.cpp */ = {isa = PBXFileReference; fileEncoding = 4; lastKnownFileType = sourcecode.cpp.cpp; path = LargeVM.cpp; sourceTree = "<group>"; };
		2537DAAD1D2D9EA900FAA8A8 /* ObjectMesh.cpp */ = {isa = PBXFileReference; fileEncoding = 4; lastKnownFileType = sourcecode.cpp.cpp; path = ObjectMesh.cpp; sourceTree = "<group>"; };
		2537DAAE1D2D9EA900FAA8A8 /* Particle.cpp */ = {isa = PBXFileReference; fileEncoding = 4; lastKnownFileType = sourcecode.cpp.cpp; path = Particle.cpp; sourceTree = "<group>"; };
		2537DAB51D2D9EF400FAA8A8 /* Shader.hpp */ = {isa = PBXFileReference; fileEncoding = 4; lastKnownFileType = sourcecode.cpp.h; path = Shader.hpp; sourceTree = "<group>"; };
		2537DAB61D2D9EF400FAA8A8 /* Cloth.hpp */ = {isa = PBXFileReference; fileEncoding = 4; lastKnownFileType = sourcecode.cpp.h; path = Cloth.hpp; sourceTree = "<group>"; };
		2537DAB71D2D9EF400FAA8A8 /* Texture.hpp */ = {isa = PBXFileReference; fileEncoding = 4; lastKnownFileType = sourcecode.cpp.h; path = Texture.hpp; sourceTree = "<group>"; };
		2537DAB81D2D9EF400FAA8A8 /* Particle.hpp */ = {isa = PBXFileReference; fileEncoding = 4; lastKnownFileType = sourcecode.cpp.h; path = Particle.hpp; sourceTree = "<group>"; };
		2537DAB91D2D9EF400FAA8A8 /* LargeVM.hpp */ = {isa = PBXFileReference; fileEncoding = 4; lastKnownFileType = sourcecode.cpp.h; path = LargeVM.hpp; sourceTree = "<group>"; };
		2537DABA1D2D9EF400FAA8A8 /* TrackBall.hpp */ = {isa = PBXFileReference; fileEncoding = 4; lastKnownFileType = sourcecode.cpp.h; path = TrackBall.hpp; sourceTree = "<group>"; };
		2537DABB1D2D9EF400FAA8A8 /* ObjectMesh.hpp */ = {isa = PBXFileReference; fileEncoding = 4; lastKnownFileType = sourcecode.cpp.h; path = ObjectMesh.hpp; sourceTree = "<group>"; };
		2537DABC1D2D9F1700FAA8A8 /* Shader.cpp */ = {isa = PBXFileReference; fileEncoding = 4; lastKnownFileType = sourcecode.cpp.cpp; path = Shader.cpp; sourceTree = "<group>"; };
		2537DABD1D2D9F1700FAA8A8 /* Texture.cpp */ = {isa = PBXFileReference; fileEncoding = 4; lastKnownFileType = sourcecode.cpp.cpp; path = Texture.cpp; sourceTree = "<group>"; };
		2537DABE1D2D9F1700FAA8A8 /* TrackBall.cpp */ = {isa = PBXFileReference; fileEncoding = 4; lastKnownFileType = sourcecode.cpp.cpp; path = TrackBall.cpp; sourceTree = "<group>"; };
		2537DAC21D2D9F2F00FAA8A8 /* fLightingShader.glsl */ = {isa = PBXFileReference; fileEncoding = 4; lastKnownFileType = text; path = fLightingShader.glsl; sourceTree = "<group>"; };
		2537DAC31D2D9F2F00FAA8A8 /* vLightingShader.glsl */ = {isa = PBXFileReference; fileEncoding = 4; lastKnownFileType = text; path = vLightingShader.glsl; sourceTree = "<group>"; };
		2537DAC61D2D9F4300FAA8A8 /* fShader.glsl */ = {isa = PBXFileReference; fileEncoding = 4; lastKnownFileType = text; path = fShader.glsl; sourceTree = "<group>"; };
		2537DAC71D2D9F4300FAA8A8 /* vShader.glsl */ = {isa = PBXFileReference; fileEncoding = 4; lastKnownFileType = text; path = vShader.glsl; sourceTree = "<group>"; };
		2537DAC81D2D9F4300FAA8A8 /* gShader.glsl */ = {isa = PBXFileReference; fileEncoding = 4; lastKnownFileType = text; path = gShader.glsl; sourceTree = "<group>"; };
/* End PBXFileReference section */

/* Begin PBXFrameworksBuildPhase section */
		2537DA911D2D9CD700FAA8A8 /* Frameworks */ = {
			isa = PBXFrameworksBuildPhase;
			buildActionMask = 2147483647;
			files = (
			);
			runOnlyForDeploymentPostprocessing = 0;
		};
/* End PBXFrameworksBuildPhase section */

/* Begin PBXGroup section */
		2537DA8B1D2D9CD700FAA8A8 = {
			isa = PBXGroup;
			children = (
				2537DA961D2D9CD700FAA8A8 /* Cloth Model */,
				2537DAA81D2D9DC400FAA8A8 /* Frameworks */,
				2537DA951D2D9CD700FAA8A8 /* Products */,
			);
			sourceTree = "<group>";
		};
		2537DA951D2D9CD700FAA8A8 /* Products */ = {
			isa = PBXGroup;
			children = (
				2537DA941D2D9CD700FAA8A8 /* Cloth Model.app */,
			);
			name = Products;
			sourceTree = "<group>";
		};
		2537DA961D2D9CD700FAA8A8 /* Cloth Model */ = {
			isa = PBXGroup;
			children = (
				2537DAA91D2D9E2300FAA8A8 /* Headers */,
				2537DA9B1D2D9CD700FAA8A8 /* main.cpp */,
				2537DAAB1D2D9EA900FAA8A8 /* Cloth.cpp */,
				2537DAAC1D2D9EA900FAA8A8 /* LargeVM.cpp */,
				2537DAAD1D2D9EA900FAA8A8 /* ObjectMesh.cpp */,
				2537DAAE1D2D9EA900FAA8A8 /* Particle.cpp */,
				2537DAAA1D2D9E4A00FAA8A8 /* Shaders */,
				2537DA9A1D2D9CD700FAA8A8 /* Supporting Source */,
			);
			path = "Cloth Model";
			sourceTree = "<group>";
		};
		2537DA9A1D2D9CD700FAA8A8 /* Supporting Source */ = {
			isa = PBXGroup;
			children = (
				2537DABC1D2D9F1700FAA8A8 /* Shader.cpp */,
				2537DABD1D2D9F1700FAA8A8 /* Texture.cpp */,
				2537DABE1D2D9F1700FAA8A8 /* TrackBall.cpp */,
				2537DAA21D2D9CD800FAA8A8 /* Info.plist */,
			);
			name = "Supporting Source";
			sourceTree = "<group>";
		};
		2537DAA81D2D9DC400FAA8A8 /* Frameworks */ = {
			isa = PBXGroup;
			children = (
			);
			name = Frameworks;
			sourceTree = "<group>";
		};
		2537DAA91D2D9E2300FAA8A8 /* Headers */ = {
			isa = PBXGroup;
			children = (
				2537DAB51D2D9EF400FAA8A8 /* Shader.hpp */,
				2537DAB61D2D9EF400FAA8A8 /* Cloth.hpp */,
				2537DAB71D2D9EF400FAA8A8 /* Texture.hpp */,
				2537DAB81D2D9EF400FAA8A8 /* Particle.hpp */,
				2537DAB91D2D9EF400FAA8A8 /* LargeVM.hpp */,
				2537DABA1D2D9EF400FAA8A8 /* TrackBall.hpp */,
				2537DABB1D2D9EF400FAA8A8 /* ObjectMesh.hpp */,
			);
			name = Headers;
			sourceTree = "<group>";
		};
		2537DAAA1D2D9E4A00FAA8A8 /* Shaders */ = {
			isa = PBXGroup;
			children = (
				2537DAB31D2D9EB300FAA8A8 /* Physical Lighting */,
				2537DAB41D2D9EBE00FAA8A8 /* Normal Mapper */,
			);
			name = Shaders;
			sourceTree = "<group>";
		};
		2537DAB31D2D9EB300FAA8A8 /* Physical Lighting */ = {
			isa = PBXGroup;
			children = (
				2537DAC31D2D9F2F00FAA8A8 /* vLightingShader.glsl */,
				2537DAC21D2D9F2F00FAA8A8 /* fLightingShader.glsl */,
			);
			name = "Physical Lighting";
			sourceTree = "<group>";
		};
		2537DAB41D2D9EBE00FAA8A8 /* Normal Mapper */ = {
			isa = PBXGroup;
			children = (
				2537DAC61D2D9F4300FAA8A8 /* fShader.glsl */,
				2537DAC71D2D9F4300FAA8A8 /* vShader.glsl */,
				2537DAC81D2D9F4300FAA8A8 /* gShader.glsl */,
			);
			name = "Normal Mapper";
			sourceTree = "<group>";
		};
/* End PBXGroup section */

/* Begin PBXNativeTarget section */
		2537DA931D2D9CD700FAA8A8 /* Cloth Model */ = {
			isa = PBXNativeTarget;
			buildConfigurationList = 2537DAA51D2D9CD800FAA8A8 /* Build configuration list for PBXNativeTarget "Cloth Model" */;
			buildPhases = (
				2537DA901D2D9CD700FAA8A8 /* Sources */,
				2537DA911D2D9CD700FAA8A8 /* Frameworks */,
				2537DA921D2D9CD700FAA8A8 /* Resources */,
			);
			buildRules = (
			);
			dependencies = (
			);
			name = "Cloth Model";
			productName = "Cloth Model";
			productReference = 2537DA941D2D9CD700FAA8A8 /* Cloth Model.app */;
			productType = "com.apple.product-type.application";
		};
/* End PBXNativeTarget section */

/* Begin PBXProject section */
		2537DA8C1D2D9CD700FAA8A8 /* Project object */ = {
			isa = PBXProject;
			attributes = {
				LastUpgradeCheck = 0730;
				ORGANIZATIONNAME = "Liam Lees";
				TargetAttributes = {
					2537DA931D2D9CD700FAA8A8 = {
						CreatedOnToolsVersion = 7.3.1;
					};
				};
			};
			buildConfigurationList = 2537DA8F1D2D9CD700FAA8A8 /* Build configuration list for PBXProject "Cloth Model" */;
			compatibilityVersion = "Xcode 3.2";
			developmentRegion = English;
			hasScannedForEncodings = 0;
			knownRegions = (
				en,
				Base,
			);
			mainGroup = 2537DA8B1D2D9CD700FAA8A8;
			productRefGroup = 2537DA951D2D9CD700FAA8A8 /* Products */;
			projectDirPath = "";
			projectRoot = "";
			targets = (
				2537DA931D2D9CD700FAA8A8 /* Cloth Model */,
			);
		};
/* End PBXProject section */

/* Begin PBXResourcesBuildPhase section */
		2537DA921D2D9CD700FAA8A8 /* Resources */ = {
			isa = PBXResourcesBuildPhase;
			buildActionMask = 2147483647;
			files = (
				2537DAC41D2D9F2F00FAA8A8 /* fLightingShader.glsl in Resources */,
				2537DACA1D2D9F4300FAA8A8 /* vShader.glsl in Resources */,
				2537DAC91D2D9F4300FAA8A8 /* fShader.glsl in Resources */,
				2537DAC51D2D9F2F00FAA8A8 /* vLightingShader.glsl in Resources */,
				2537DACB1D2D9F4300FAA8A8 /* gShader.glsl in Resources */,
			);
			runOnlyForDeploymentPostprocessing = 0;
		};
/* End PBXResourcesBuildPhase section */

/* Begin PBXSourcesBuildPhase section */
		2537DA901D2D9CD700FAA8A8 /* Sources */ = {
			isa = PBXSourcesBuildPhase;
			buildActionMask = 2147483647;
			files = (
				2537DAAF1D2D9EA900FAA8A8 /* Cloth.cpp in Sources */,
				2537DAC01D2D9F1700FAA8A8 /* Texture.cpp in Sources */,
				2537DAB21D2D9EA900FAA8A8 /* Particle.cpp in Sources */,
				2537DAB01D2D9EA900FAA8A8 /* LargeVM.cpp in Sources */,
				2537DA9C1D2D9CD700FAA8A8 /* main.cpp in Sources */,
				2537DABF1D2D9F1700FAA8A8 /* Shader.cpp in Sources */,
				2537DAC11D2D9F1700FAA8A8 /* TrackBall.cpp in Sources */,
				2537DAB11D2D9EA900FAA8A8 /* ObjectMesh.cpp in Sources */,
			);
			runOnlyForDeploymentPostprocessing = 0;
		};
/* End PBXSourcesBuildPhase section */

/* Begin XCBuildConfiguration section */
		2537DAA31D2D9CD800FAA8A8 /* Debug */ = {
			isa = XCBuildConfiguration;
			buildSettings = {
				ALWAYS_SEARCH_USER_PATHS = NO;
				CLANG_ANALYZER_NONNULL = YES;
				CLANG_CXX_LANGUAGE_STANDARD = "gnu++0x";
				CLANG_CXX_LIBRARY = "libc++";
				CLANG_ENABLE_MODULES = YES;
				CLANG_ENABLE_OBJC_ARC = YES;
				CLANG_WARN_BOOL_CONVERSION = YES;
				CLANG_WARN_CONSTANT_CONVERSION = YES;
				CLANG_WARN_DIRECT_OBJC_ISA_USAGE = YES_ERROR;
				CLANG_WARN_EMPTY_BODY = YES;
				CLANG_WARN_ENUM_CONVERSION = YES;
				CLANG_WARN_INT_CONVERSION = YES;
				CLANG_WARN_OBJC_ROOT_CLASS = YES_ERROR;
				CLANG_WARN_UNREACHABLE_CODE = YES;
				CLANG_WARN__DUPLICATE_METHOD_MATCH = YES;
				CODE_SIGN_IDENTITY = "-";
				COPY_PHASE_STRIP = NO;
				DEBUG_INFORMATION_FORMAT = dwarf;
				ENABLE_STRICT_OBJC_MSGSEND = YES;
				ENABLE_TESTABILITY = YES;
				GCC_C_LANGUAGE_STANDARD = gnu99;
				GCC_DYNAMIC_NO_PIC = NO;
				GCC_NO_COMMON_BLOCKS = YES;
				GCC_OPTIMIZATION_LEVEL = 0;
				GCC_PREPROCESSOR_DEFINITIONS = (
					"DEBUG=1",
					"$(inherited)",
				);
				GCC_WARN_64_TO_32_BIT_CONVERSION = YES;
				GCC_WARN_ABOUT_RETURN_TYPE = YES_ERROR;
				GCC_WARN_UNDECLARED_SELECTOR = YES;
				GCC_WARN_UNINITIALIZED_AUTOS = YES_AGGRESSIVE;
				GCC_WARN_UNUSED_FUNCTION = YES;
				GCC_WARN_UNUSED_VARIABLE = YES;
				MACOSX_DEPLOYMENT_TARGET = 10.11;
				MTL_ENABLE_DEBUG_INFO = YES;
				ONLY_ACTIVE_ARCH = YES;
				SDKROOT = macosx;
			};
			name = Debug;
		};
		2537DAA41D2D9CD800FAA8A8 /* Release */ = {
			isa = XCBuildConfiguration;
			buildSettings = {
				ALWAYS_SEARCH_USER_PATHS = NO;
				CLANG_ANALYZER_NONNULL = YES;
				CLANG_CXX_LANGUAGE_STANDARD = "gnu++0x";
				CLANG_CXX_LIBRARY = "libc++";
				CLANG_ENABLE_MODULES = YES;
				CLANG_ENABLE_OBJC_ARC = YES;
				CLANG_WARN_BOOL_CONVERSION = YES;
				CLANG_WARN_CONSTANT_CONVERSION = YES;
				CLANG_WARN_DIRECT_OBJC_ISA_USAGE = YES_ERROR;
				CLANG_WARN_EMPTY_BODY = YES;
				CLANG_WARN_ENUM_CONVERSION = YES;
				CLANG_WARN_INT_CONVERSION = YES;
				CLANG_WARN_OBJC_ROOT_CLASS = YES_ERROR;
				CLANG_WARN_UNREACHABLE_CODE = YES;
				CLANG_WARN__DUPLICATE_METHOD_MATCH = YES;
				CODE_SIGN_IDENTITY = "-";
				COPY_PHASE_STRIP = NO;
				DEBUG_INFORMATION_FORMAT = "dwarf-with-dsym";
				ENABLE_NS_ASSERTIONS = NO;
				ENABLE_STRICT_OBJC_MSGSEND = YES;
				GCC_C_LANGUAGE_STANDARD = gnu99;
				GCC_NO_COMMON_BLOCKS = YES;
				GCC_WARN_64_TO_32_BIT_CONVERSION = YES;
				GCC_WARN_ABOUT_RETURN_TYPE = YES_ERROR;
				GCC_WARN_UNDECLARED_SELECTOR = YES;
				GCC_WARN_UNINITIALIZED_AUTOS = YES_AGGRESSIVE;
				GCC_WARN_UNUSED_FUNCTION = YES;
				GCC_WARN_UNUSED_VARIABLE = YES;
				MACOSX_DEPLOYMENT_TARGET = 10.11;
				MTL_ENABLE_DEBUG_INFO = NO;
				SDKROOT = macosx;
			};
			name = Release;
		};
		2537DAA61D2D9CD800FAA8A8 /* Debug */ = {
			isa = XCBuildConfiguration;
			buildSettings = {
				ASSETCATALOG_COMPILER_APPICON_NAME = AppIcon;
				COMBINE_HIDPI_IMAGES = YES;
				INFOPLIST_FILE = "Cloth Model/Info.plist";
				LD_RUNPATH_SEARCH_PATHS = "$(inherited) @executable_path/../Frameworks";
				PRODUCT_BUNDLE_IDENTIFIER = "HU.Cloth-Model";
				PRODUCT_NAME = "$(TARGET_NAME)";
			};
			name = Debug;
		};
		2537DAA71D2D9CD800FAA8A8 /* Release */ = {
			isa = XCBuildConfiguration;
			buildSettings = {
				ASSETCATALOG_COMPILER_APPICON_NAME = AppIcon;
				COMBINE_HIDPI_IMAGES = YES;
				INFOPLIST_FILE = "Cloth Model/Info.plist";
				LD_RUNPATH_SEARCH_PATHS = "$(inherited) @executable_path/../Frameworks";
				PRODUCT_BUNDLE_IDENTIFIER = "HU.Cloth-Model";
				PRODUCT_NAME = "$(TARGET_NAME)";
			};
			name = Release;
		};
/* End XCBuildConfiguration section */

/* Begin XCConfigurationList section */
		2537DA8F1D2D9CD700FAA8A8 /* Build configuration list for PBXProject "Cloth Model" */ = {
			isa = XCConfigurationList;
			buildConfigurations = (
				2537DAA31D2D9CD800FAA8A8 /* Debug */,
				2537DAA41D2D9CD800FAA8A8 /* Release */,
			);
			defaultConfigurationIsVisible = 0;
			defaultConfigurationName = Release;
		};
		2537DAA51D2D9CD800FAA8A8 /* Build configuration list for PBXNativeTarget "Cloth Model" */ = {
			isa = XCConfigurationList;
			buildConfigurations = (
				2537DAA61D2D9CD800FAA8A8 /* Debug */,
				2537DAA71D2D9CD800FAA8A8 /* Release */,
			);
			defaultConfigurationIsVisible = 0;
		};
/* End XCConfigurationList section */
	};
	rootObject = 2537DA8C1D2D9CD700FAA8A8 /* Project object */;
}
